
Microsoft Visual Studio Solution File, Format Version 12.00
# Visual Studio 14
VisualStudioVersion = 14.0.25420.1
MinimumVisualStudioVersion = 10.0.40219.1
Project("{FAE04EC0-301F-11D3-BF4B-00C04F79EFBC}") = "habile", "habile\habile.csproj", "{92A467DD-F975-4A70-A545-CA132A1EAA8E}"
EndProject
Project("{FAE04EC0-301F-11D3-BF4B-00C04F79EFBC}") = "DMTCommands", "DMTCommands\DMTCommands.csproj", "{C972DEF2-CCC3-42F5-9F5C-C27CF5A0E49D}"
EndProject
Project("{FAE04EC0-301F-11D3-BF4B-00C04F79EFBC}") = "Geometry", "Geometry\Geometry.csproj", "{EB7AFCC4-42AF-429D-AC54-72F488C0164C}"
EndProject
Project("{FAE04EC0-301F-11D3-BF4B-00C04F79EFBC}") = "Geometry_tests", "Geometry_tests\Geometry_tests.csproj", "{3F3127EE-4700-4E61-BA7A-850BBF643CD4}"
EndProject
Project("{FAE04EC0-301F-11D3-BF4B-00C04F79EFBC}") = "Geometry_visual", "Geometry_visual\Geometry_visual.csproj", "{1D554DAE-0B57-4CEE-B8C5-E37984F6DFBC}"
EndProject
Project("{FAE04EC0-301F-11D3-BF4B-00C04F79EFBC}") = "Logic_Reinf", "Logic_Reinf\Logic_Reinf.csproj", "{0C575E87-472B-4FF8-8B8F-D5554A35D556}"
EndProject
Project("{FAE04EC0-301F-11D3-BF4B-00C04F79EFBC}") = "Reinforcement", "Reinforcement\Reinforcement.csproj", "{1199B856-127E-4F0E-9407-CE40646DC8F4}"
EndProject
Project("{FAE04EC0-301F-11D3-BF4B-00C04F79EFBC}") = "Reinforcement_tests", "Reinforcement_tests\Reinforcement_tests.csproj", "{06FACB18-EA18-466C-A7C0-D190CEA3A646}"
EndProject
Project("{FAE04EC0-301F-11D3-BF4B-00C04F79EFBC}") = "Logic_Tabler", "Logic_Tabler\Logic_Tabler.csproj", "{39B2924E-0F23-4E71-82E8-028FD4E36898}"
EndProject
Project("{FAE04EC0-301F-11D3-BF4B-00C04F79EFBC}") = "summary_csv_rebar", "summary_csv_rebar\summary_csv_rebar.csproj", "{F6FDEFB0-013A-43A6-B01F-A36404F9E9D5}"
EndProject
Project("{FAE04EC0-301F-11D3-BF4B-00C04F79EFBC}") = "dmt_find_replace", "dmt_find_replace\dmt_find_replace.csproj", "{FB645EB5-263A-4FED-81CF-D85CFF3535FD}"
EndProject
Global
	GlobalSection(SolutionConfigurationPlatforms) = preSolution
		Debug|Any CPU = Debug|Any CPU
		Release|Any CPU = Release|Any CPU
	EndGlobalSection
	GlobalSection(ProjectConfigurationPlatforms) = postSolution
		{92A467DD-F975-4A70-A545-CA132A1EAA8E}.Debug|Any CPU.ActiveCfg = Debug|Any CPU
		{92A467DD-F975-4A70-A545-CA132A1EAA8E}.Debug|Any CPU.Build.0 = Debug|Any CPU
		{92A467DD-F975-4A70-A545-CA132A1EAA8E}.Release|Any CPU.ActiveCfg = Release|Any CPU
		{92A467DD-F975-4A70-A545-CA132A1EAA8E}.Release|Any CPU.Build.0 = Release|Any CPU
		{C972DEF2-CCC3-42F5-9F5C-C27CF5A0E49D}.Debug|Any CPU.ActiveCfg = Debug|Any CPU
		{C972DEF2-CCC3-42F5-9F5C-C27CF5A0E49D}.Debug|Any CPU.Build.0 = Debug|Any CPU
		{C972DEF2-CCC3-42F5-9F5C-C27CF5A0E49D}.Release|Any CPU.ActiveCfg = Release|Any CPU
		{C972DEF2-CCC3-42F5-9F5C-C27CF5A0E49D}.Release|Any CPU.Build.0 = Release|Any CPU
		{EB7AFCC4-42AF-429D-AC54-72F488C0164C}.Debug|Any CPU.ActiveCfg = Debug|Any CPU
		{EB7AFCC4-42AF-429D-AC54-72F488C0164C}.Debug|Any CPU.Build.0 = Debug|Any CPU
		{EB7AFCC4-42AF-429D-AC54-72F488C0164C}.Release|Any CPU.ActiveCfg = Release|Any CPU
		{EB7AFCC4-42AF-429D-AC54-72F488C0164C}.Release|Any CPU.Build.0 = Release|Any CPU
		{3F3127EE-4700-4E61-BA7A-850BBF643CD4}.Debug|Any CPU.ActiveCfg = Debug|Any CPU
		{3F3127EE-4700-4E61-BA7A-850BBF643CD4}.Debug|Any CPU.Build.0 = Debug|Any CPU
		{3F3127EE-4700-4E61-BA7A-850BBF643CD4}.Release|Any CPU.ActiveCfg = Release|Any CPU
		{3F3127EE-4700-4E61-BA7A-850BBF643CD4}.Release|Any CPU.Build.0 = Release|Any CPU
		{1D554DAE-0B57-4CEE-B8C5-E37984F6DFBC}.Debug|Any CPU.ActiveCfg = Debug|Any CPU
		{1D554DAE-0B57-4CEE-B8C5-E37984F6DFBC}.Debug|Any CPU.Build.0 = Debug|Any CPU
		{1D554DAE-0B57-4CEE-B8C5-E37984F6DFBC}.Release|Any CPU.ActiveCfg = Release|Any CPU
		{1D554DAE-0B57-4CEE-B8C5-E37984F6DFBC}.Release|Any CPU.Build.0 = Release|Any CPU
		{0C575E87-472B-4FF8-8B8F-D5554A35D556}.Debug|Any CPU.ActiveCfg = Debug|Any CPU
		{0C575E87-472B-4FF8-8B8F-D5554A35D556}.Debug|Any CPU.Build.0 = Debug|Any CPU
		{0C575E87-472B-4FF8-8B8F-D5554A35D556}.Release|Any CPU.ActiveCfg = Release|Any CPU
		{0C575E87-472B-4FF8-8B8F-D5554A35D556}.Release|Any CPU.Build.0 = Release|Any CPU
		{1199B856-127E-4F0E-9407-CE40646DC8F4}.Debug|Any CPU.ActiveCfg = Debug|Any CPU
		{1199B856-127E-4F0E-9407-CE40646DC8F4}.Debug|Any CPU.Build.0 = Debug|Any CPU
		{1199B856-127E-4F0E-9407-CE40646DC8F4}.Release|Any CPU.ActiveCfg = Release|Any CPU
		{1199B856-127E-4F0E-9407-CE40646DC8F4}.Release|Any CPU.Build.0 = Release|Any CPU
		{06FACB18-EA18-466C-A7C0-D190CEA3A646}.Debug|Any CPU.ActiveCfg = Debug|Any CPU
		{06FACB18-EA18-466C-A7C0-D190CEA3A646}.Debug|Any CPU.Build.0 = Debug|Any CPU
		{06FACB18-EA18-466C-A7C0-D190CEA3A646}.Release|Any CPU.ActiveCfg = Release|Any CPU
		{06FACB18-EA18-466C-A7C0-D190CEA3A646}.Release|Any CPU.Build.0 = Release|Any CPU
		{39B2924E-0F23-4E71-82E8-028FD4E36898}.Debug|Any CPU.ActiveCfg = Debug|Any CPU
		{39B2924E-0F23-4E71-82E8-028FD4E36898}.Debug|Any CPU.Build.0 = Debug|Any CPU
		{39B2924E-0F23-4E71-82E8-028FD4E36898}.Release|Any CPU.ActiveCfg = Release|Any CPU
		{39B2924E-0F23-4E71-82E8-028FD4E36898}.Release|Any CPU.Build.0 = Release|Any CPU
		{F6FDEFB0-013A-43A6-B01F-A36404F9E9D5}.Debug|Any CPU.ActiveCfg = Debug|Any CPU
		{F6FDEFB0-013A-43A6-B01F-A36404F9E9D5}.Debug|Any CPU.Build.0 = Debug|Any CPU
		{F6FDEFB0-013A-43A6-B01F-A36404F9E9D5}.Release|Any CPU.ActiveCfg = Release|Any CPU
		{F6FDEFB0-013A-43A6-B01F-A36404F9E9D5}.Release|Any CPU.Build.0 = Release|Any CPU
		{FB645EB5-263A-4FED-81CF-D85CFF3535FD}.Debug|Any CPU.ActiveCfg = Debug|Any CPU
		{FB645EB5-263A-4FED-81CF-D85CFF3535FD}.Debug|Any CPU.Build.0 = Debug|Any CPU
		{FB645EB5-263A-4FED-81CF-D85CFF3535FD}.Release|Any CPU.ActiveCfg = Release|Any CPU
		{FB645EB5-263A-4FED-81CF-D85CFF3535FD}.Release|Any CPU.Build.0 = Release|Any CPU
	EndGlobalSection
	GlobalSection(SolutionProperties) = preSolution
		HideSolutionNode = FALSE
	EndGlobalSection
EndGlobal
